
Microsoft Visual Studio Solution File, Format Version 12.00
# Visual Studio 15
VisualStudioVersion = 15.0.28307.271
MinimumVisualStudioVersion = 10.0.40219.1
Project("{FAE04EC0-301F-11D3-BF4B-00C04F79EFBC}") = "snake", "snake\snake.csproj", "{F009A01A-7D85-437F-87F9-4444593157AA}"
EndProject
Global
	GlobalSection(SolutionConfigurationPlatforms) = preSolution
		Debug|Any CPU = Debug|Any CPU
		Release|Any CPU = Release|Any CPU
	EndGlobalSection
	GlobalSection(ProjectConfigurationPlatforms) = postSolution
		{F009A01A-7D85-437F-87F9-4444593157AA}.Debug|Any CPU.ActiveCfg = Debug|Any CPU
		{F009A01A-7D85-437F-87F9-4444593157AA}.Debug|Any CPU.Build.0 = Debug|Any CPU
		{F009A01A-7D85-437F-87F9-4444593157AA}.Release|Any CPU.ActiveCfg = Release|Any CPU
		{F009A01A-7D85-437F-87F9-4444593157AA}.Release|Any CPU.Build.0 = Release|Any CPU
	EndGlobalSection
	GlobalSection(SolutionProperties) = preSolution
		HideSolutionNode = FALSE
	EndGlobalSection
	GlobalSection(ExtensibilityGlobals) = postSolution
		SolutionGuid = {3EE5F3DF-DEBA-48E6-A598-E923AE3CD1EC}
	EndGlobalSection
EndGlobal
